
Microsoft Visual Studio Solution File, Format Version 12.00
# Visual Studio Version 17
VisualStudioVersion = 17.9.34622.214
MinimumVisualStudioVersion = 10.0.40219.1
Project("{FAE04EC0-301F-11D3-BF4B-00C04F79EFBC}") = "ImageViewer", "ImageViewer\ImageViewer.csproj", "{7965CC73-3367-493E-B9B4-5A2759D3F819}"
EndProject
Global
	GlobalSection(SolutionConfigurationPlatforms) = preSolution
		Debug|Any CPU = Debug|Any CPU
		Release|Any CPU = Release|Any CPU
	EndGlobalSection
	GlobalSection(ProjectConfigurationPlatforms) = postSolution
		{7965CC73-3367-493E-B9B4-5A2759D3F819}.Debug|Any CPU.ActiveCfg = Debug|Any CPU
		{7965CC73-3367-493E-B9B4-5A2759D3F819}.Debug|Any CPU.Build.0 = Debug|Any CPU
		{7965CC73-3367-493E-B9B4-5A2759D3F819}.Release|Any CPU.ActiveCfg = Release|Any CPU
		{7965CC73-3367-493E-B9B4-5A2759D3F819}.Release|Any CPU.Build.0 = Release|Any CPU
	EndGlobalSection
	GlobalSection(SolutionProperties) = preSolution
		HideSolutionNode = FALSE
	EndGlobalSection
	GlobalSection(ExtensibilityGlobals) = postSolution
		SolutionGuid = {894AD797-9AB5-4EB1-A29E-92ADC1007C94}
	EndGlobalSection
EndGlobal
